
Microsoft Visual Studio Solution File, Format Version 12.00
# Visual Studio Version 17
VisualStudioVersion = 17.3.32901.215
MinimumVisualStudioVersion = 10.0.40219.1
Project("{FAE04EC0-301F-11D3-BF4B-00C04F79EFBC}") = "LP2Rest", "LP2Rest\LP2Rest.csproj", "{9EA774E1-8380-4557-813D-51307299C1C7}"
EndProject
Global
	GlobalSection(SolutionConfigurationPlatforms) = preSolution
		Debug|Any CPU = Debug|Any CPU
		Release|Any CPU = Release|Any CPU
	EndGlobalSection
	GlobalSection(ProjectConfigurationPlatforms) = postSolution
		{9EA774E1-8380-4557-813D-51307299C1C7}.Debug|Any CPU.ActiveCfg = Debug|Any CPU
		{9EA774E1-8380-4557-813D-51307299C1C7}.Debug|Any CPU.Build.0 = Debug|Any CPU
		{9EA774E1-8380-4557-813D-51307299C1C7}.Release|Any CPU.ActiveCfg = Release|Any CPU
		{9EA774E1-8380-4557-813D-51307299C1C7}.Release|Any CPU.Build.0 = Release|Any CPU
	EndGlobalSection
	GlobalSection(SolutionProperties) = preSolution
		HideSolutionNode = FALSE
	EndGlobalSection
	GlobalSection(ExtensibilityGlobals) = postSolution
		SolutionGuid = {620532E9-03A5-4318-8C29-B1A15F91B366}
	EndGlobalSection
EndGlobal
